// !$*UTF8*$!
{
	archiveVersion = 1;
	classes = {
	};
	objectVersion = 50;
	objects = {

/* Begin PBXBuildFile section */
		182329B32321CA5D003E2FEE /* AppDelegate.swift in Sources */ = {isa = PBXBuildFile; fileRef = 182329B22321CA5D003E2FEE /* AppDelegate.swift */; };
		182329B52321CA5D003E2FEE /* SceneDelegate.swift in Sources */ = {isa = PBXBuildFile; fileRef = 182329B42321CA5D003E2FEE /* SceneDelegate.swift */; };
		182329B72321CA5D003E2FEE /* ViewController.swift in Sources */ = {isa = PBXBuildFile; fileRef = 182329B62321CA5D003E2FEE /* ViewController.swift */; };
		182329BA2321CA5D003E2FEE /* Main.storyboard in Resources */ = {isa = PBXBuildFile; fileRef = 182329B82321CA5D003E2FEE /* Main.storyboard */; };
		182329BC2321CA5D003E2FEE /* Assets.xcassets in Resources */ = {isa = PBXBuildFile; fileRef = 182329BB2321CA5D003E2FEE /* Assets.xcassets */; };
		182329BF2321CA5D003E2FEE /* LaunchScreen.storyboard in Resources */ = {isa = PBXBuildFile; fileRef = 182329BD2321CA5D003E2FEE /* LaunchScreen.storyboard */; };
/* End PBXBuildFile section */

/* Begin PBXFileReference section */
		182329AF2321CA5D003E2FEE /* CertainlyMapKit.app */ = {isa = PBXFileReference; explicitFileType = wrapper.application; includeInIndex = 0; path = CertainlyMapKit.app; sourceTree = BUILT_PRODUCTS_DIR; };
		182329B22321CA5D003E2FEE /* AppDelegate.swift */ = {isa = PBXFileReference; lastKnownFileType = sourcecode.swift; path = AppDelegate.swift; sourceTree = "<group>"; };
		182329B42321CA5D003E2FEE /* SceneDelegate.swift */ = {isa = PBXFileReference; lastKnownFileType = sourcecode.swift; path = SceneDelegate.swift; sourceTree = "<group>"; };
		182329B62321CA5D003E2FEE /* ViewController.swift */ = {isa = PBXFileReference; lastKnownFileType = sourcecode.swift; path = ViewController.swift; sourceTree = "<group>"; };
		182329B92321CA5D003E2FEE /* Base */ = {isa = PBXFileReference; lastKnownFileType = file.storyboard; name = Base; path = Base.lproj/Main.storyboard; sourceTree = "<group>"; };
		182329BB2321CA5D003E2FEE /* Assets.xcassets */ = {isa = PBXFileReference; lastKnownFileType = folder.assetcatalog; path = Assets.xcassets; sourceTree = "<group>"; };
		182329BE2321CA5D003E2FEE /* Base */ = {isa = PBXFileReference; lastKnownFileType = file.storyboard; name = Base; path = Base.lproj/LaunchScreen.storyboard; sourceTree = "<group>"; };
		182329C02321CA5D003E2FEE /* Info.plist */ = {isa = PBXFileReference; lastKnownFileType = text.plist.xml; path = Info.plist; sourceTree = "<group>"; };
/* End PBXFileReference section */

/* Begin PBXFrameworksBuildPhase section */
		182329AC2321CA5D003E2FEE /* Frameworks */ = {
			isa = PBXFrameworksBuildPhase;
			buildActionMask = 2147483647;
			files = (
			);
			runOnlyForDeploymentPostprocessing = 0;
		};
/* End PBXFrameworksBuildPhase section */

/* Begin PBXGroup section */
		182329A62321CA5D003E2FEE = {
			isa = PBXGroup;
			children = (
				182329B12321CA5D003E2FEE /* CertainlyMapKit */,
				182329B02321CA5D003E2FEE /* Products */,
			);
			sourceTree = "<group>";
		};
		182329B02321CA5D003E2FEE /* Products */ = {
			isa = PBXGroup;
			children = (
				182329AF2321CA5D003E2FEE /* CertainlyMapKit.app */,
			);
			name = Products;
			sourceTree = "<group>";
		};
		182329B12321CA5D003E2FEE /* CertainlyMapKit */ = {
			isa = PBXGroup;
			children = (
				182329B22321CA5D003E2FEE /* AppDelegate.swift */,
				182329B42321CA5D003E2FEE /* SceneDelegate.swift */,
				182329B62321CA5D003E2FEE /* ViewController.swift */,
				182329B82321CA5D003E2FEE /* Main.storyboard */,
				182329BB2321CA5D003E2FEE /* Assets.xcassets */,
				182329BD2321CA5D003E2FEE /* LaunchScreen.storyboard */,
				182329C02321CA5D003E2FEE /* Info.plist */,
			);
			path = CertainlyMapKit;
			sourceTree = "<group>";
		};
/* End PBXGroup section */

/* Begin PBXNativeTarget section */
		182329AE2321CA5D003E2FEE /* CertainlyMapKit */ = {
			isa = PBXNativeTarget;
			buildConfigurationList = 182329C32321CA5D003E2FEE /* Build configuration list for PBXNativeTarget "CertainlyMapKit" */;
			buildPhases = (
				182329AB2321CA5D003E2FEE /* Sources */,
				182329AC2321CA5D003E2FEE /* Frameworks */,
				182329AD2321CA5D003E2FEE /* Resources */,
			);
			buildRules = (
			);
			dependencies = (
			);
			name = CertainlyMapKit;
			productName = CertainlyMapKit;
			productReference = 182329AF2321CA5D003E2FEE /* CertainlyMapKit.app */;
			productType = "com.apple.product-type.application";
		};
/* End PBXNativeTarget section */

/* Begin PBXProject section */
		182329A72321CA5D003E2FEE /* Project object */ = {
			isa = PBXProject;
			attributes = {
				LastSwiftUpdateCheck = 1100;
				LastUpgradeCheck = 1100;
				ORGANIZATIONNAME = "Impulse Coupled Dev";
				TargetAttributes = {
					182329AE2321CA5D003E2FEE = {
						CreatedOnToolsVersion = 11.0;
					};
				};
			};
			buildConfigurationList = 182329AA2321CA5D003E2FEE /* Build configuration list for PBXProject "CertainlyMapKit" */;
			compatibilityVersion = "Xcode 9.3";
			developmentRegion = en;
			hasScannedForEncodings = 0;
			knownRegions = (
				en,
				Base,
			);
			mainGroup = 182329A62321CA5D003E2FEE;
			productRefGroup = 182329B02321CA5D003E2FEE /* Products */;
			projectDirPath = "";
			projectRoot = "";
			targets = (
				182329AE2321CA5D003E2FEE /* CertainlyMapKit */,
			);
		};
/* End PBXProject section */

/* Begin PBXResourcesBuildPhase section */
		182329AD2321CA5D003E2FEE /* Resources */ = {
			isa = PBXResourcesBuildPhase;
			buildActionMask = 2147483647;
			files = (
				182329BF2321CA5D003E2FEE /* LaunchScreen.storyboard in Resources */,
				182329BC2321CA5D003E2FEE /* Assets.xcassets in Resources */,
				182329BA2321CA5D003E2FEE /* Main.storyboard in Resources */,
			);
			runOnlyForDeploymentPostprocessing = 0;
		};
/* End PBXResourcesBuildPhase section */

/* Begin PBXSourcesBuildPhase section */
		182329AB2321CA5D003E2FEE /* Sources */ = {
			isa = PBXSourcesBuildPhase;
			buildActionMask = 2147483647;
			files = (
				182329B72321CA5D003E2FEE /* ViewController.swift in Sources */,
				182329B32321CA5D003E2FEE /* AppDelegate.swift in Sources */,
				182329B52321CA5D003E2FEE /* SceneDelegate.swift in Sources */,
			);
			runOnlyForDeploymentPostprocessing = 0;
		};
/* End PBXSourcesBuildPhase section */

/* Begin PBXVariantGroup section */
		182329B82321CA5D003E2FEE /* Main.storyboard */ = {
			isa = PBXVariantGroup;
			children = (
				182329B92321CA5D003E2FEE /* Base */,
			);
			name = Main.storyboard;
			sourceTree = "<group>";
		};
		182329BD2321CA5D003E2FEE /* LaunchScreen.storyboard */ = {
			isa = PBXVariantGroup;
			children = (
				182329BE2321CA5D003E2FEE /* Base */,
			);
			name = LaunchScreen.storyboard;
			sourceTree = "<group>";
		};
/* End PBXVariantGroup section */

/* Begin XCBuildConfiguration section */
		182329C12321CA5D003E2FEE /* Debug */ = {
			isa = XCBuildConfiguration;
			buildSettings = {
				ALWAYS_SEARCH_USER_PATHS = NO;
				CLANG_ANALYZER_NONNULL = YES;
				CLANG_ANALYZER_NUMBER_OBJECT_CONVERSION = YES_AGGRESSIVE;
				CLANG_CXX_LANGUAGE_STANDARD = "gnu++14";
				CLANG_CXX_LIBRARY = "libc++";
				CLANG_ENABLE_MODULES = YES;
				CLANG_ENABLE_OBJC_ARC = YES;
				CLANG_ENABLE_OBJC_WEAK = YES;
				CLANG_WARN_BLOCK_CAPTURE_AUTORELEASING = YES;
				CLANG_WARN_BOOL_CONVERSION = YES;
				CLANG_WARN_COMMA = YES;
				CLANG_WARN_CONSTANT_CONVERSION = YES;
				CLANG_WARN_DEPRECATED_OBJC_IMPLEMENTATIONS = YES;
				CLANG_WARN_DIRECT_OBJC_ISA_USAGE = YES_ERROR;
				CLANG_WARN_DOCUMENTATION_COMMENTS = YES;
				CLANG_WARN_EMPTY_BODY = YES;
				CLANG_WARN_ENUM_CONVERSION = YES;
				CLANG_WARN_INFINITE_RECURSION = YES;
				CLANG_WARN_INT_CONVERSION = YES;
				CLANG_WARN_NON_LITERAL_NULL_CONVERSION = YES;
				CLANG_WARN_OBJC_IMPLICIT_RETAIN_SELF = YES;
				CLANG_WARN_OBJC_LITERAL_CONVERSION = YES;
				CLANG_WARN_OBJC_ROOT_CLASS = YES_ERROR;
				CLANG_WARN_RANGE_LOOP_ANALYSIS = YES;
				CLANG_WARN_STRICT_PROTOTYPES = YES;
				CLANG_WARN_SUSPICIOUS_MOVE = YES;
				CLANG_WARN_UNGUARDED_AVAILABILITY = YES_AGGRESSIVE;
				CLANG_WARN_UNREACHABLE_CODE = YES;
				CLANG_WARN__DUPLICATE_METHOD_MATCH = YES;
				COPY_PHASE_STRIP = NO;
				DEBUG_INFORMATION_FORMAT = dwarf;
				ENABLE_STRICT_OBJC_MSGSEND = YES;
				ENABLE_TESTABILITY = YES;
				GCC_C_LANGUAGE_STANDARD = gnu11;
				GCC_DYNAMIC_NO_PIC = NO;
				GCC_NO_COMMON_BLOCKS = YES;
				GCC_OPTIMIZATION_LEVEL = 0;
				GCC_PREPROCESSOR_DEFINITIONS = (
					"DEBUG=1",
					"$(inherited)",
				);
				GCC_WARN_64_TO_32_BIT_CONVERSION = YES;
				GCC_WARN_ABOUT_RETURN_TYPE = YES_ERROR;
				GCC_WARN_UNDECLARED_SELECTOR = YES;
				GCC_WARN_UNINITIALIZED_AUTOS = YES_AGGRESSIVE;
				GCC_WARN_UNUSED_FUNCTION = YES;
				GCC_WARN_UNUSED_VARIABLE = YES;
				IPHONEOS_DEPLOYMENT_TARGET = 13.0;
				MTL_ENABLE_DEBUG_INFO = INCLUDE_SOURCE;
				MTL_FAST_MATH = YES;
				ONLY_ACTIVE_ARCH = YES;
				SDKROOT = iphoneos;
				SWIFT_ACTIVE_COMPILATION_CONDITIONS = DEBUG;
				SWIFT_OPTIMIZATION_LEVEL = "-Onone";
			};
			name = Debug;
		};
		182329C22321CA5D003E2FEE /* Release */ = {
			isa = XCBuildConfiguration;
			buildSettings = {
				ALWAYS_SEARCH_USER_PATHS = NO;
				CLANG_ANALYZER_NONNULL = YES;
				CLANG_ANALYZER_NUMBER_OBJECT_CONVERSION = YES_AGGRESSIVE;
				CLANG_CXX_LANGUAGE_STANDARD = "gnu++14";
				CLANG_CXX_LIBRARY = "libc++";
				CLANG_ENABLE_MODULES = YES;
				CLANG_ENABLE_OBJC_ARC = YES;
				CLANG_ENABLE_OBJC_WEAK = YES;
				CLANG_WARN_BLOCK_CAPTURE_AUTORELEASING = YES;
				CLANG_WARN_BOOL_CONVERSION = YES;
				CLANG_WARN_COMMA = YES;
				CLANG_WARN_CONSTANT_CONVERSION = YES;
				CLANG_WARN_DEPRECATED_OBJC_IMPLEMENTATIONS = YES;
				CLANG_WARN_DIRECT_OBJC_ISA_USAGE = YES_ERROR;
				CLANG_WARN_DOCUMENTATION_COMMENTS = YES;
				CLANG_WARN_EMPTY_BODY = YES;
				CLANG_WARN_ENUM_CONVERSION = YES;
				CLANG_WARN_INFINITE_RECURSION = YES;
				CLANG_WARN_INT_CONVERSION = YES;
				CLANG_WARN_NON_LITERAL_NULL_CONVERSION = YES;
				CLANG_WARN_OBJC_IMPLICIT_RETAIN_SELF = YES;
				CLANG_WARN_OBJC_LITERAL_CONVERSION = YES;
				CLANG_WARN_OBJC_ROOT_CLASS = YES_ERROR;
				CLANG_WARN_RANGE_LOOP_ANALYSIS = YES;
				CLANG_WARN_STRICT_PROTOTYPES = YES;
				CLANG_WARN_SUSPICIOUS_MOVE = YES;
				CLANG_WARN_UNGUARDED_AVAILABILITY = YES_AGGRESSIVE;
				CLANG_WARN_UNREACHABLE_CODE = YES;
				CLANG_WARN__DUPLICATE_METHOD_MATCH = YES;
				COPY_PHASE_STRIP = NO;
				DEBUG_INFORMATION_FORMAT = "dwarf-with-dsym";
				ENABLE_NS_ASSERTIONS = NO;
				ENABLE_STRICT_OBJC_MSGSEND = YES;
				GCC_C_LANGUAGE_STANDARD = gnu11;
				GCC_NO_COMMON_BLOCKS = YES;
				GCC_WARN_64_TO_32_BIT_CONVERSION = YES;
				GCC_WARN_ABOUT_RETURN_TYPE = YES_ERROR;
				GCC_WARN_UNDECLARED_SELECTOR = YES;
				GCC_WARN_UNINITIALIZED_AUTOS = YES_AGGRESSIVE;
				GCC_WARN_UNUSED_FUNCTION = YES;
				GCC_WARN_UNUSED_VARIABLE = YES;
				IPHONEOS_DEPLOYMENT_TARGET = 13.0;
				MTL_ENABLE_DEBUG_INFO = NO;
				MTL_FAST_MATH = YES;
				SDKROOT = iphoneos;
				SWIFT_COMPILATION_MODE = wholemodule;
				SWIFT_OPTIMIZATION_LEVEL = "-O";
				VALIDATE_PRODUCT = YES;
			};
			name = Release;
		};
		182329C42321CA5D003E2FEE /* Debug */ = {
			isa = XCBuildConfiguration;
			buildSettings = {
				ASSETCATALOG_COMPILER_APPICON_NAME = AppIcon;
				CODE_SIGN_STYLE = Automatic;
				DEVELOPMENT_TEAM = 4Q332864D3;
				INFOPLIST_FILE = CertainlyMapKit/Info.plist;
				LD_RUNPATH_SEARCH_PATHS = (
					"$(inherited)",
					"@executable_path/Frameworks",
				);
				PRODUCT_BUNDLE_IDENTIFIER = ImpulseCoupledDevelopment.CertainlyMapKit;
				PRODUCT_NAME = "$(TARGET_NAME)";
				SWIFT_VERSION = 5.0;
				TARGETED_DEVICE_FAMILY = "1,2";
			};
			name = Debug;
		};
		182329C52321CA5D003E2FEE /* Release */ = {
			isa = XCBuildConfiguration;
			buildSettings = {
				ASSETCATALOG_COMPILER_APPICON_NAME = AppIcon;
				CODE_SIGN_STYLE = Automatic;
				DEVELOPMENT_TEAM = 4Q332864D3;
				INFOPLIST_FILE = CertainlyMapKit/Info.plist;
				LD_RUNPATH_SEARCH_PATHS = (
					"$(inherited)",
					"@executable_path/Frameworks",
				);
				PRODUCT_BUNDLE_IDENTIFIER = ImpulseCoupledDevelopment.CertainlyMapKit;
				PRODUCT_NAME = "$(TARGET_NAME)";
				SWIFT_VERSION = 5.0;
				TARGETED_DEVICE_FAMILY = "1,2";
			};
			name = Release;
		};
/* End XCBuildConfiguration section */

/* Begin XCConfigurationList section */
		182329AA2321CA5D003E2FEE /* Build configuration list for PBXProject "CertainlyMapKit" */ = {
			isa = XCConfigurationList;
			buildConfigurations = (
				182329C12321CA5D003E2FEE /* Debug */,
				182329C22321CA5D003E2FEE /* Release */,
			);
			defaultConfigurationIsVisible = 0;
			defaultConfigurationName = Release;
		};
		182329C32321CA5D003E2FEE /* Build configuration list for PBXNativeTarget "CertainlyMapKit" */ = {
			isa = XCConfigurationList;
			buildConfigurations = (
				182329C42321CA5D003E2FEE /* Debug */,
				182329C52321CA5D003E2FEE /* Release */,
			);
			defaultConfigurationIsVisible = 0;
			defaultConfigurationName = Release;
		};
/* End XCConfigurationList section */
	};
	rootObject = 182329A72321CA5D003E2FEE /* Project object */;
}
